
Microsoft Visual Studio Solution File, Format Version 12.00
# Visual Studio Version 17
VisualStudioVersion = 17.10.35027.167
MinimumVisualStudioVersion = 10.0.40219.1
Project("{9A19103F-16F7-4668-BE54-9A1E7A4F7556}") = "Web Api", "Web Api\Web Api.csproj", "{65977F2B-3269-4ACA-AA4C-B8F0FB26E6DB}"
EndProject
Project("{9A19103F-16F7-4668-BE54-9A1E7A4F7556}") = "Infrastructure", "Infrastructure\Infrastructure.csproj", "{A6FCDF32-DF07-4563-BF11-E087F7B5AF0F}"
EndProject
Project("{9A19103F-16F7-4668-BE54-9A1E7A4F7556}") = "Application", "Application\Application.csproj", "{F3A35788-5952-44EB-A057-FE17550F1672}"
EndProject
Project("{FAE04EC0-301F-11D3-BF4B-00C04F79EFBC}") = "VisitorFormTesting", "VisitorFormTesting\VisitorFormTesting.csproj", "{5F87534A-2A96-4612-B4EF-2A1D560F1FD4}"
EndProject
Global
	GlobalSection(SolutionConfigurationPlatforms) = preSolution
		Debug|Any CPU = Debug|Any CPU
		Release|Any CPU = Release|Any CPU
	EndGlobalSection
	GlobalSection(ProjectConfigurationPlatforms) = postSolution
		{65977F2B-3269-4ACA-AA4C-B8F0FB26E6DB}.Debug|Any CPU.ActiveCfg = Debug|Any CPU
		{65977F2B-3269-4ACA-AA4C-B8F0FB26E6DB}.Debug|Any CPU.Build.0 = Debug|Any CPU
		{65977F2B-3269-4ACA-AA4C-B8F0FB26E6DB}.Release|Any CPU.ActiveCfg = Release|Any CPU
		{65977F2B-3269-4ACA-AA4C-B8F0FB26E6DB}.Release|Any CPU.Build.0 = Release|Any CPU
		{A6FCDF32-DF07-4563-BF11-E087F7B5AF0F}.Debug|Any CPU.ActiveCfg = Debug|Any CPU
		{A6FCDF32-DF07-4563-BF11-E087F7B5AF0F}.Debug|Any CPU.Build.0 = Debug|Any CPU
		{A6FCDF32-DF07-4563-BF11-E087F7B5AF0F}.Release|Any CPU.ActiveCfg = Release|Any CPU
		{A6FCDF32-DF07-4563-BF11-E087F7B5AF0F}.Release|Any CPU.Build.0 = Release|Any CPU
		{F3A35788-5952-44EB-A057-FE17550F1672}.Debug|Any CPU.ActiveCfg = Debug|Any CPU
		{F3A35788-5952-44EB-A057-FE17550F1672}.Debug|Any CPU.Build.0 = Debug|Any CPU
		{F3A35788-5952-44EB-A057-FE17550F1672}.Release|Any CPU.ActiveCfg = Release|Any CPU
		{F3A35788-5952-44EB-A057-FE17550F1672}.Release|Any CPU.Build.0 = Release|Any CPU
		{5F87534A-2A96-4612-B4EF-2A1D560F1FD4}.Debug|Any CPU.ActiveCfg = Debug|Any CPU
		{5F87534A-2A96-4612-B4EF-2A1D560F1FD4}.Debug|Any CPU.Build.0 = Debug|Any CPU
		{5F87534A-2A96-4612-B4EF-2A1D560F1FD4}.Release|Any CPU.ActiveCfg = Release|Any CPU
		{5F87534A-2A96-4612-B4EF-2A1D560F1FD4}.Release|Any CPU.Build.0 = Release|Any CPU
	EndGlobalSection
	GlobalSection(SolutionProperties) = preSolution
		HideSolutionNode = FALSE
	EndGlobalSection
	GlobalSection(ExtensibilityGlobals) = postSolution
		SolutionGuid = {D611B641-B361-4EC1-B6CE-96B881E3E2F0}
	EndGlobalSection
EndGlobal
